
Microsoft Visual Studio Solution File, Format Version 12.00
Project("{FAE04EC0-301F-11D3-BF4B-00C04F79EFBC}") = "TP24.Services.Tests", "TP24.Services.Tests\TP24.Services.Tests.csproj", "{DE1D23BB-AD99-4901-B21E-A36169B2E748}"
EndProject
Project("{FAE04EC0-301F-11D3-BF4B-00C04F79EFBC}") = "TP24.Data", "TP24.Data\TP24.Data.csproj", "{B53A5CC3-E296-4830-A9D2-559235459211}"
EndProject
Project("{FAE04EC0-301F-11D3-BF4B-00C04F79EFBC}") = "TP24.Services", "TP24.Services\TP24.Services.csproj", "{A11474FE-B09A-4D13-B500-3FFC14253B3A}"
EndProject
Project("{FAE04EC0-301F-11D3-BF4B-00C04F79EFBC}") = "TP24.API", "TP24.API\TP24.API.csproj", "{D3C24C57-D439-40A2-9CBF-3652C422E77B}"
EndProject
Project("{FAE04EC0-301F-11D3-BF4B-00C04F79EFBC}") = "TP24.API.Tests", "TP24.API.Tests\TP24.API.Tests.csproj", "{84489C96-E924-48A8-A1A7-8C9F91C1C251}"
EndProject
Global
	GlobalSection(SolutionConfigurationPlatforms) = preSolution
		Debug|Any CPU = Debug|Any CPU
		Release|Any CPU = Release|Any CPU
	EndGlobalSection
	GlobalSection(ProjectConfigurationPlatforms) = postSolution
		{FB850789-94B8-4922-88F6-DA3A41BC0080}.Debug|Any CPU.ActiveCfg = Debug|Any CPU
		{FB850789-94B8-4922-88F6-DA3A41BC0080}.Debug|Any CPU.Build.0 = Debug|Any CPU
		{FB850789-94B8-4922-88F6-DA3A41BC0080}.Release|Any CPU.ActiveCfg = Release|Any CPU
		{FB850789-94B8-4922-88F6-DA3A41BC0080}.Release|Any CPU.Build.0 = Release|Any CPU
		{DE1D23BB-AD99-4901-B21E-A36169B2E748}.Debug|Any CPU.ActiveCfg = Debug|Any CPU
		{DE1D23BB-AD99-4901-B21E-A36169B2E748}.Debug|Any CPU.Build.0 = Debug|Any CPU
		{DE1D23BB-AD99-4901-B21E-A36169B2E748}.Release|Any CPU.ActiveCfg = Release|Any CPU
		{DE1D23BB-AD99-4901-B21E-A36169B2E748}.Release|Any CPU.Build.0 = Release|Any CPU
		{B53A5CC3-E296-4830-A9D2-559235459211}.Debug|Any CPU.ActiveCfg = Debug|Any CPU
		{B53A5CC3-E296-4830-A9D2-559235459211}.Debug|Any CPU.Build.0 = Debug|Any CPU
		{B53A5CC3-E296-4830-A9D2-559235459211}.Release|Any CPU.ActiveCfg = Release|Any CPU
		{B53A5CC3-E296-4830-A9D2-559235459211}.Release|Any CPU.Build.0 = Release|Any CPU
		{A11474FE-B09A-4D13-B500-3FFC14253B3A}.Debug|Any CPU.ActiveCfg = Debug|Any CPU
		{A11474FE-B09A-4D13-B500-3FFC14253B3A}.Debug|Any CPU.Build.0 = Debug|Any CPU
		{A11474FE-B09A-4D13-B500-3FFC14253B3A}.Release|Any CPU.ActiveCfg = Release|Any CPU
		{A11474FE-B09A-4D13-B500-3FFC14253B3A}.Release|Any CPU.Build.0 = Release|Any CPU
		{D3C24C57-D439-40A2-9CBF-3652C422E77B}.Debug|Any CPU.ActiveCfg = Debug|Any CPU
		{D3C24C57-D439-40A2-9CBF-3652C422E77B}.Debug|Any CPU.Build.0 = Debug|Any CPU
		{D3C24C57-D439-40A2-9CBF-3652C422E77B}.Release|Any CPU.ActiveCfg = Release|Any CPU
		{D3C24C57-D439-40A2-9CBF-3652C422E77B}.Release|Any CPU.Build.0 = Release|Any CPU
		{84489C96-E924-48A8-A1A7-8C9F91C1C251}.Debug|Any CPU.ActiveCfg = Debug|Any CPU
		{84489C96-E924-48A8-A1A7-8C9F91C1C251}.Debug|Any CPU.Build.0 = Debug|Any CPU
		{84489C96-E924-48A8-A1A7-8C9F91C1C251}.Release|Any CPU.ActiveCfg = Release|Any CPU
		{84489C96-E924-48A8-A1A7-8C9F91C1C251}.Release|Any CPU.Build.0 = Release|Any CPU
	EndGlobalSection
EndGlobal
